
Microsoft Visual Studio Solution File, Format Version 12.00
# Visual Studio 2013
VisualStudioVersion = 12.0.40629.0
MinimumVisualStudioVersion = 10.0.40219.1
Project("{FAE04EC0-301F-11D3-BF4B-00C04F79EFBC}") = "GithubExtension.Security.DAL", "GithubExtension.Security.DAL\GithubExtension.Security.DAL.csproj", "{185EE569-F89D-4032-93FB-A4B6889B9961}"
EndProject
Project("{FAE04EC0-301F-11D3-BF4B-00C04F79EFBC}") = "GithubExtension.Security.WebApi", "GithubExtension.Security.WebApi\GithubExtension.Security.WebApi.csproj", "{83D31D03-5321-478C-A392-B73C15FA4D7E}"
EndProject
Global
	GlobalSection(SolutionConfigurationPlatforms) = preSolution
		Debug|Any CPU = Debug|Any CPU
		Release|Any CPU = Release|Any CPU
	EndGlobalSection
	GlobalSection(ProjectConfigurationPlatforms) = postSolution
		{185EE569-F89D-4032-93FB-A4B6889B9961}.Debug|Any CPU.ActiveCfg = Debug|Any CPU
		{185EE569-F89D-4032-93FB-A4B6889B9961}.Debug|Any CPU.Build.0 = Debug|Any CPU
		{185EE569-F89D-4032-93FB-A4B6889B9961}.Release|Any CPU.ActiveCfg = Release|Any CPU
		{185EE569-F89D-4032-93FB-A4B6889B9961}.Release|Any CPU.Build.0 = Release|Any CPU
		{83D31D03-5321-478C-A392-B73C15FA4D7E}.Debug|Any CPU.ActiveCfg = Debug|Any CPU
		{83D31D03-5321-478C-A392-B73C15FA4D7E}.Debug|Any CPU.Build.0 = Debug|Any CPU
		{83D31D03-5321-478C-A392-B73C15FA4D7E}.Release|Any CPU.ActiveCfg = Release|Any CPU
		{83D31D03-5321-478C-A392-B73C15FA4D7E}.Release|Any CPU.Build.0 = Release|Any CPU
	EndGlobalSection
	GlobalSection(SolutionProperties) = preSolution
		HideSolutionNode = FALSE
	EndGlobalSection
EndGlobal
